
Microsoft Visual Studio Solution File, Format Version 12.00
# Visual Studio Version 17
VisualStudioVersion = 17.3.32825.248
MinimumVisualStudioVersion = 10.0.40219.1
Project("{FAE04EC0-301F-11D3-BF4B-00C04F79EFBC}") = "QPC", "QPC\QPC.csproj", "{55590F35-D868-4B2A-8C63-4CD45C92573F}"
EndProject
Global
	GlobalSection(SolutionConfigurationPlatforms) = preSolution
		Debug|Any CPU = Debug|Any CPU
		Release|Any CPU = Release|Any CPU
	EndGlobalSection
	GlobalSection(ProjectConfigurationPlatforms) = postSolution
		{55590F35-D868-4B2A-8C63-4CD45C92573F}.Debug|Any CPU.ActiveCfg = Debug|Any CPU
		{55590F35-D868-4B2A-8C63-4CD45C92573F}.Debug|Any CPU.Build.0 = Debug|Any CPU
		{55590F35-D868-4B2A-8C63-4CD45C92573F}.Release|Any CPU.ActiveCfg = Release|Any CPU
		{55590F35-D868-4B2A-8C63-4CD45C92573F}.Release|Any CPU.Build.0 = Release|Any CPU
	EndGlobalSection
	GlobalSection(SolutionProperties) = preSolution
		HideSolutionNode = FALSE
	EndGlobalSection
	GlobalSection(ExtensibilityGlobals) = postSolution
		SolutionGuid = {BE3BFEB3-AED4-4753-BF49-A7A208148676}
	EndGlobalSection
EndGlobal
